
Microsoft Visual Studio Solution File, Format Version 12.00
# Visual Studio Version 16
VisualStudioVersion = 16.0.31624.102
MinimumVisualStudioVersion = 10.0.40219.1
Project("{FAE04EC0-301F-11D3-BF4B-00C04F79EFBC}") = "ConsoleApp1", "ConsoleApp1\ConsoleApp1.csproj", "{FBD446A3-BD5C-452B-A7E9-283DD918DB81}"
EndProject
Global
	GlobalSection(SolutionConfigurationPlatforms) = preSolution
		Debug|Any CPU = Debug|Any CPU
		Release|Any CPU = Release|Any CPU
	EndGlobalSection
	GlobalSection(ProjectConfigurationPlatforms) = postSolution
		{FBD446A3-BD5C-452B-A7E9-283DD918DB81}.Debug|Any CPU.ActiveCfg = Debug|Any CPU
		{FBD446A3-BD5C-452B-A7E9-283DD918DB81}.Debug|Any CPU.Build.0 = Debug|Any CPU
		{FBD446A3-BD5C-452B-A7E9-283DD918DB81}.Release|Any CPU.ActiveCfg = Release|Any CPU
		{FBD446A3-BD5C-452B-A7E9-283DD918DB81}.Release|Any CPU.Build.0 = Release|Any CPU
	EndGlobalSection
	GlobalSection(SolutionProperties) = preSolution
		HideSolutionNode = FALSE
	EndGlobalSection
	GlobalSection(ExtensibilityGlobals) = postSolution
		SolutionGuid = {ACD9C6CA-BB55-44D8-99C6-ECE8FEAA3475}
	EndGlobalSection
EndGlobal
